
Microsoft Visual Studio Solution File, Format Version 12.00
# Visual Studio Version 17
VisualStudioVersion = 17.9.34728.123
MinimumVisualStudioVersion = 10.0.40219.1
Project("{9A19103F-16F7-4668-BE54-9A1E7A4F7556}") = "RewFile", "RewFile.csproj", "{F229E823-80B6-4E3E-B83F-A2C57F24B214}"
EndProject
Global
	GlobalSection(SolutionConfigurationPlatforms) = preSolution
		Debug|Any CPU = Debug|Any CPU
		Release|Any CPU = Release|Any CPU
	EndGlobalSection
	GlobalSection(ProjectConfigurationPlatforms) = postSolution
		{F229E823-80B6-4E3E-B83F-A2C57F24B214}.Debug|Any CPU.ActiveCfg = Debug|Any CPU
		{F229E823-80B6-4E3E-B83F-A2C57F24B214}.Debug|Any CPU.Build.0 = Debug|Any CPU
		{F229E823-80B6-4E3E-B83F-A2C57F24B214}.Release|Any CPU.ActiveCfg = Release|Any CPU
		{F229E823-80B6-4E3E-B83F-A2C57F24B214}.Release|Any CPU.Build.0 = Release|Any CPU
	EndGlobalSection
	GlobalSection(SolutionProperties) = preSolution
		HideSolutionNode = FALSE
	EndGlobalSection
	GlobalSection(ExtensibilityGlobals) = postSolution
		SolutionGuid = {335D6B15-DB77-40EC-B027-DA5AE8E50CA7}
	EndGlobalSection
EndGlobal
